// !$*UTF8*$!
{
	archiveVersion = 1;
	classes = {
	};
	objectVersion = 46;
	objects = {

/* Begin PBXBuildFile section */
		166B3E651B255F6000D811DA /* UIViewTestViewController.swift in Sources */ = {isa = PBXBuildFile; fileRef = 166B3E641B255F6000D811DA /* UIViewTestViewController.swift */; };
		166B3E671B25621800D811DA /* CALayerTestViewController.swift in Sources */ = {isa = PBXBuildFile; fileRef = 166B3E661B25621800D811DA /* CALayerTestViewController.swift */; };
		166B3E691B25622D00D811DA /* CAShapeLayerTestViewController.swift in Sources */ = {isa = PBXBuildFile; fileRef = 166B3E681B25622D00D811DA /* CAShapeLayerTestViewController.swift */; };
		166B3E6B1B25677200D811DA /* NSLayoutConstraintTestViewController.swift in Sources */ = {isa = PBXBuildFile; fileRef = 166B3E6A1B25677200D811DA /* NSLayoutConstraintTestViewController.swift */; };
		166B3E6D1B25678700D811DA /* UIScrollViewTestViewController.swift in Sources */ = {isa = PBXBuildFile; fileRef = 166B3E6C1B25678700D811DA /* UIScrollViewTestViewController.swift */; };
		166B3E6F1B25679400D811DA /* UITableViewTestViewController.swift in Sources */ = {isa = PBXBuildFile; fileRef = 166B3E6E1B25679400D811DA /* UITableViewTestViewController.swift */; };
		166B3E711B2567A300D811DA /* UICollectionViewTestViewController.swift in Sources */ = {isa = PBXBuildFile; fileRef = 166B3E701B2567A300D811DA /* UICollectionViewTestViewController.swift */; };
		166B3E731B2567B300D811DA /* UINavigationBarTestViewController.swift in Sources */ = {isa = PBXBuildFile; fileRef = 166B3E721B2567B300D811DA /* UINavigationBarTestViewController.swift */; };
		166B3E7D1B25680100D811DA /* UILabelTestViewController.swift in Sources */ = {isa = PBXBuildFile; fileRef = 166B3E7A1B25680100D811DA /* UILabelTestViewController.swift */; };
		166B3E7F1B25680100D811DA /* UIToolbarTestViewController.swift in Sources */ = {isa = PBXBuildFile; fileRef = 166B3E7C1B25680100D811DA /* UIToolbarTestViewController.swift */; };
		166B3E811B25684500D811DA /* TestTemplateViewController.swift in Sources */ = {isa = PBXBuildFile; fileRef = 166B3E801B25684500D811DA /* TestTemplateViewController.swift */; };
		166B3E831B256B9F00D811DA /* UITabBarTestViewController.swift in Sources */ = {isa = PBXBuildFile; fileRef = 166B3E821B256B9F00D811DA /* UITabBarTestViewController.swift */; };
		607FACD61AFB9204008FA782 /* AppDelegate.swift in Sources */ = {isa = PBXBuildFile; fileRef = 607FACD51AFB9204008FA782 /* AppDelegate.swift */; };
		607FACD81AFB9204008FA782 /* ViewController.swift in Sources */ = {isa = PBXBuildFile; fileRef = 607FACD71AFB9204008FA782 /* ViewController.swift */; };
		607FACDB1AFB9204008FA782 /* Main.storyboard in Resources */ = {isa = PBXBuildFile; fileRef = 607FACD91AFB9204008FA782 /* Main.storyboard */; };
		607FACDD1AFB9204008FA782 /* Images.xcassets in Resources */ = {isa = PBXBuildFile; fileRef = 607FACDC1AFB9204008FA782 /* Images.xcassets */; };
		607FACE01AFB9204008FA782 /* LaunchScreen.xib in Resources */ = {isa = PBXBuildFile; fileRef = 607FACDE1AFB9204008FA782 /* LaunchScreen.xib */; };
		607FACEC1AFB9204008FA782 /* Tests.swift in Sources */ = {isa = PBXBuildFile; fileRef = 607FACEB1AFB9204008FA782 /* Tests.swift */; };
		891932B47B44D5C17CF5042C /* Pods_Animate_Tests.framework in Frameworks */ = {isa = PBXBuildFile; fileRef = B823B48899D28733664D0E77 /* Pods_Animate_Tests.framework */; settings = {ATTRIBUTES = (Weak, ); }; };
		F466952A53E9007EE9200656 /* Pods_Animate_Example.framework in Frameworks */ = {isa = PBXBuildFile; fileRef = BB3E8A2E35918FC517679FE8 /* Pods_Animate_Example.framework */; settings = {ATTRIBUTES = (Weak, ); }; };
/* End PBXBuildFile section */

/* Begin PBXContainerItemProxy section */
		607FACE61AFB9204008FA782 /* PBXContainerItemProxy */ = {
			isa = PBXContainerItemProxy;
			containerPortal = 607FACC81AFB9204008FA782 /* Project object */;
			proxyType = 1;
			remoteGlobalIDString = 607FACCF1AFB9204008FA782;
			remoteInfo = Animate;
		};
/* End PBXContainerItemProxy section */

/* Begin PBXFileReference section */
		166B3E641B255F6000D811DA /* UIViewTestViewController.swift */ = {isa = PBXFileReference; fileEncoding = 4; lastKnownFileType = sourcecode.swift; name = UIViewTestViewController.swift; path = TestVC/UIViewTestViewController.swift; sourceTree = "<group>"; };
		166B3E661B25621800D811DA /* CALayerTestViewController.swift */ = {isa = PBXFileReference; fileEncoding = 4; lastKnownFileType = sourcecode.swift; name = CALayerTestViewController.swift; path = TestVC/CALayerTestViewController.swift; sourceTree = "<group>"; };
		166B3E681B25622D00D811DA /* CAShapeLayerTestViewController.swift */ = {isa = PBXFileReference; fileEncoding = 4; lastKnownFileType = sourcecode.swift; name = CAShapeLayerTestViewController.swift; path = TestVC/CAShapeLayerTestViewController.swift; sourceTree = "<group>"; };
		166B3E6A1B25677200D811DA /* NSLayoutConstraintTestViewController.swift */ = {isa = PBXFileReference; fileEncoding = 4; lastKnownFileType = sourcecode.swift; name = NSLayoutConstraintTestViewController.swift; path = TestVC/NSLayoutConstraintTestViewController.swift; sourceTree = "<group>"; };
		166B3E6C1B25678700D811DA /* UIScrollViewTestViewController.swift */ = {isa = PBXFileReference; fileEncoding = 4; lastKnownFileType = sourcecode.swift; name = UIScrollViewTestViewController.swift; path = TestVC/UIScrollViewTestViewController.swift; sourceTree = "<group>"; };
		166B3E6E1B25679400D811DA /* UITableViewTestViewController.swift */ = {isa = PBXFileReference; fileEncoding = 4; lastKnownFileType = sourcecode.swift; name = UITableViewTestViewController.swift; path = TestVC/UITableViewTestViewController.swift; sourceTree = "<group>"; };
		166B3E701B2567A300D811DA /* UICollectionViewTestViewController.swift */ = {isa = PBXFileReference; fileEncoding = 4; lastKnownFileType = sourcecode.swift; name = UICollectionViewTestViewController.swift; path = TestVC/UICollectionViewTestViewController.swift; sourceTree = "<group>"; };
		166B3E721B2567B300D811DA /* UINavigationBarTestViewController.swift */ = {isa = PBXFileReference; fileEncoding = 4; lastKnownFileType = sourcecode.swift; name = UINavigationBarTestViewController.swift; path = TestVC/UINavigationBarTestViewController.swift; sourceTree = "<group>"; };
		166B3E7A1B25680100D811DA /* UILabelTestViewController.swift */ = {isa = PBXFileReference; fileEncoding = 4; lastKnownFileType = sourcecode.swift; name = UILabelTestViewController.swift; path = TestVC/UILabelTestViewController.swift; sourceTree = "<group>"; };
		166B3E7C1B25680100D811DA /* UIToolbarTestViewController.swift */ = {isa = PBXFileReference; fileEncoding = 4; lastKnownFileType = sourcecode.swift; name = UIToolbarTestViewController.swift; path = TestVC/UIToolbarTestViewController.swift; sourceTree = "<group>"; };
		166B3E801B25684500D811DA /* TestTemplateViewController.swift */ = {isa = PBXFileReference; fileEncoding = 4; lastKnownFileType = sourcecode.swift; name = TestTemplateViewController.swift; path = TestVC/TestTemplateViewController.swift; sourceTree = "<group>"; };
		166B3E821B256B9F00D811DA /* UITabBarTestViewController.swift */ = {isa = PBXFileReference; fileEncoding = 4; lastKnownFileType = sourcecode.swift; name = UITabBarTestViewController.swift; path = TestVC/UITabBarTestViewController.swift; sourceTree = "<group>"; };
		16A969BC1B326C4100F8E5D5 /* AnimatePlay.playground */ = {isa = PBXFileReference; lastKnownFileType = file.playground; path = AnimatePlay.playground; sourceTree = "<group>"; };
		19374E4F334922C9A547B604 /* Pods-Animate_Tests.debug.xcconfig */ = {isa = PBXFileReference; includeInIndex = 1; lastKnownFileType = text.xcconfig; name = "Pods-Animate_Tests.debug.xcconfig"; path = "Pods/Target Support Files/Pods-Animate_Tests/Pods-Animate_Tests.debug.xcconfig"; sourceTree = "<group>"; };
		3A0F60F6E24096AC6C92501A /* Animate.podspec */ = {isa = PBXFileReference; includeInIndex = 1; lastKnownFileType = text; name = Animate.podspec; path = ../Animate.podspec; sourceTree = "<group>"; };
		5904FA6F3C9D6232D56EF1AF /* LICENSE */ = {isa = PBXFileReference; includeInIndex = 1; lastKnownFileType = text; name = LICENSE; path = ../LICENSE; sourceTree = "<group>"; };
		607FACD01AFB9204008FA782 /* Animate_Example.app */ = {isa = PBXFileReference; explicitFileType = wrapper.application; includeInIndex = 0; path = Animate_Example.app; sourceTree = BUILT_PRODUCTS_DIR; };
		607FACD41AFB9204008FA782 /* Info.plist */ = {isa = PBXFileReference; lastKnownFileType = text.plist.xml; path = Info.plist; sourceTree = "<group>"; };
		607FACD51AFB9204008FA782 /* AppDelegate.swift */ = {isa = PBXFileReference; lastKnownFileType = sourcecode.swift; path = AppDelegate.swift; sourceTree = "<group>"; };
		607FACD71AFB9204008FA782 /* ViewController.swift */ = {isa = PBXFileReference; lastKnownFileType = sourcecode.swift; path = ViewController.swift; sourceTree = "<group>"; };
		607FACDA1AFB9204008FA782 /* Base */ = {isa = PBXFileReference; lastKnownFileType = file.storyboard; name = Base; path = Base.lproj/Main.storyboard; sourceTree = "<group>"; };
		607FACDC1AFB9204008FA782 /* Images.xcassets */ = {isa = PBXFileReference; lastKnownFileType = folder.assetcatalog; path = Images.xcassets; sourceTree = "<group>"; };
		607FACDF1AFB9204008FA782 /* Base */ = {isa = PBXFileReference; lastKnownFileType = file.xib; name = Base; path = Base.lproj/LaunchScreen.xib; sourceTree = "<group>"; };
		607FACE51AFB9204008FA782 /* Animate_Tests.xctest */ = {isa = PBXFileReference; explicitFileType = wrapper.cfbundle; includeInIndex = 0; path = Animate_Tests.xctest; sourceTree = BUILT_PRODUCTS_DIR; };
		607FACEA1AFB9204008FA782 /* Info.plist */ = {isa = PBXFileReference; lastKnownFileType = text.plist.xml; path = Info.plist; sourceTree = "<group>"; };
		607FACEB1AFB9204008FA782 /* Tests.swift */ = {isa = PBXFileReference; lastKnownFileType = sourcecode.swift; path = Tests.swift; sourceTree = "<group>"; };
		7229A17F5887DA2CD405FC9A /* Pods-Animate_Tests.release.xcconfig */ = {isa = PBXFileReference; includeInIndex = 1; lastKnownFileType = text.xcconfig; name = "Pods-Animate_Tests.release.xcconfig"; path = "Pods/Target Support Files/Pods-Animate_Tests/Pods-Animate_Tests.release.xcconfig"; sourceTree = "<group>"; };
		7AD92E35AFE2420F2BF52442 /* Pods-Animate_Example.debug.xcconfig */ = {isa = PBXFileReference; includeInIndex = 1; lastKnownFileType = text.xcconfig; name = "Pods-Animate_Example.debug.xcconfig"; path = "Pods/Target Support Files/Pods-Animate_Example/Pods-Animate_Example.debug.xcconfig"; sourceTree = "<group>"; };
		973F798F861D4166EE85B27F /* README.md */ = {isa = PBXFileReference; includeInIndex = 1; lastKnownFileType = net.daringfireball.markdown; name = README.md; path = ../README.md; sourceTree = "<group>"; };
		B823B48899D28733664D0E77 /* Pods_Animate_Tests.framework */ = {isa = PBXFileReference; explicitFileType = wrapper.framework; includeInIndex = 0; path = Pods_Animate_Tests.framework; sourceTree = BUILT_PRODUCTS_DIR; };
		BB3E8A2E35918FC517679FE8 /* Pods_Animate_Example.framework */ = {isa = PBXFileReference; explicitFileType = wrapper.framework; includeInIndex = 0; path = Pods_Animate_Example.framework; sourceTree = BUILT_PRODUCTS_DIR; };
		BC767AAF42B21C75F92F5D10 /* Pods-Animate_Example.release.xcconfig */ = {isa = PBXFileReference; includeInIndex = 1; lastKnownFileType = text.xcconfig; name = "Pods-Animate_Example.release.xcconfig"; path = "Pods/Target Support Files/Pods-Animate_Example/Pods-Animate_Example.release.xcconfig"; sourceTree = "<group>"; };
/* End PBXFileReference section */

/* Begin PBXFrameworksBuildPhase section */
		607FACCD1AFB9204008FA782 /* Frameworks */ = {
			isa = PBXFrameworksBuildPhase;
			buildActionMask = 2147483647;
			files = (
				F466952A53E9007EE9200656 /* Pods_Animate_Example.framework in Frameworks */,
			);
			runOnlyForDeploymentPostprocessing = 0;
		};
		607FACE21AFB9204008FA782 /* Frameworks */ = {
			isa = PBXFrameworksBuildPhase;
			buildActionMask = 2147483647;
			files = (
				891932B47B44D5C17CF5042C /* Pods_Animate_Tests.framework in Frameworks */,
			);
			runOnlyForDeploymentPostprocessing = 0;
		};
/* End PBXFrameworksBuildPhase section */

/* Begin PBXGroup section */
		166B3E631B255F3800D811DA /* TestViewController */ = {
			isa = PBXGroup;
			children = (
				166B3E641B255F6000D811DA /* UIViewTestViewController.swift */,
				166B3E661B25621800D811DA /* CALayerTestViewController.swift */,
				166B3E681B25622D00D811DA /* CAShapeLayerTestViewController.swift */,
				166B3E6A1B25677200D811DA /* NSLayoutConstraintTestViewController.swift */,
				166B3E6C1B25678700D811DA /* UIScrollViewTestViewController.swift */,
				166B3E6E1B25679400D811DA /* UITableViewTestViewController.swift */,
				166B3E701B2567A300D811DA /* UICollectionViewTestViewController.swift */,
				166B3E721B2567B300D811DA /* UINavigationBarTestViewController.swift */,
				166B3E7A1B25680100D811DA /* UILabelTestViewController.swift */,
				166B3E7C1B25680100D811DA /* UIToolbarTestViewController.swift */,
				166B3E821B256B9F00D811DA /* UITabBarTestViewController.swift */,
				166B3E801B25684500D811DA /* TestTemplateViewController.swift */,
			);
			name = TestViewController;
			sourceTree = "<group>";
		};
		607FACC71AFB9204008FA782 = {
			isa = PBXGroup;
			children = (
				16A969BC1B326C4100F8E5D5 /* AnimatePlay.playground */,
				607FACF51AFB993E008FA782 /* Podspec Metadata */,
				607FACD21AFB9204008FA782 /* Example for Animate */,
				607FACE81AFB9204008FA782 /* Tests */,
				607FACD11AFB9204008FA782 /* Products */,
				63361613048A3AB0ED8B42A5 /* Pods */,
				795DE3935D9ED12F0F3A609A /* Frameworks */,
			);
			sourceTree = "<group>";
		};
		607FACD11AFB9204008FA782 /* Products */ = {
			isa = PBXGroup;
			children = (
				607FACD01AFB9204008FA782 /* Animate_Example.app */,
				607FACE51AFB9204008FA782 /* Animate_Tests.xctest */,
			);
			name = Products;
			sourceTree = "<group>";
		};
		607FACD21AFB9204008FA782 /* Example for Animate */ = {
			isa = PBXGroup;
			children = (
				607FACD51AFB9204008FA782 /* AppDelegate.swift */,
				607FACD71AFB9204008FA782 /* ViewController.swift */,
				166B3E631B255F3800D811DA /* TestViewController */,
				607FACD31AFB9204008FA782 /* Supporting Files */,
			);
			name = "Example for Animate";
			path = Animate;
			sourceTree = "<group>";
		};
		607FACD31AFB9204008FA782 /* Supporting Files */ = {
			isa = PBXGroup;
			children = (
				607FACDC1AFB9204008FA782 /* Images.xcassets */,
				607FACD91AFB9204008FA782 /* Main.storyboard */,
				607FACDE1AFB9204008FA782 /* LaunchScreen.xib */,
				607FACD41AFB9204008FA782 /* Info.plist */,
			);
			name = "Supporting Files";
			sourceTree = "<group>";
		};
		607FACE81AFB9204008FA782 /* Tests */ = {
			isa = PBXGroup;
			children = (
				607FACEB1AFB9204008FA782 /* Tests.swift */,
				607FACE91AFB9204008FA782 /* Supporting Files */,
			);
			path = Tests;
			sourceTree = "<group>";
		};
		607FACE91AFB9204008FA782 /* Supporting Files */ = {
			isa = PBXGroup;
			children = (
				607FACEA1AFB9204008FA782 /* Info.plist */,
			);
			name = "Supporting Files";
			sourceTree = "<group>";
		};
		607FACF51AFB993E008FA782 /* Podspec Metadata */ = {
			isa = PBXGroup;
			children = (
				3A0F60F6E24096AC6C92501A /* Animate.podspec */,
				973F798F861D4166EE85B27F /* README.md */,
				5904FA6F3C9D6232D56EF1AF /* LICENSE */,
			);
			name = "Podspec Metadata";
			sourceTree = "<group>";
		};
		63361613048A3AB0ED8B42A5 /* Pods */ = {
			isa = PBXGroup;
			children = (
				7AD92E35AFE2420F2BF52442 /* Pods-Animate_Example.debug.xcconfig */,
				BC767AAF42B21C75F92F5D10 /* Pods-Animate_Example.release.xcconfig */,
				19374E4F334922C9A547B604 /* Pods-Animate_Tests.debug.xcconfig */,
				7229A17F5887DA2CD405FC9A /* Pods-Animate_Tests.release.xcconfig */,
			);
			name = Pods;
			sourceTree = "<group>";
		};
		795DE3935D9ED12F0F3A609A /* Frameworks */ = {
			isa = PBXGroup;
			children = (
				BB3E8A2E35918FC517679FE8 /* Pods_Animate_Example.framework */,
				B823B48899D28733664D0E77 /* Pods_Animate_Tests.framework */,
			);
			name = Frameworks;
			sourceTree = "<group>";
		};
/* End PBXGroup section */

/* Begin PBXNativeTarget section */
		607FACCF1AFB9204008FA782 /* Animate_Example */ = {
			isa = PBXNativeTarget;
			buildConfigurationList = 607FACEF1AFB9204008FA782 /* Build configuration list for PBXNativeTarget "Animate_Example" */;
			buildPhases = (
				268DED4A6375B0A64FC5B06B /* Check Pods Manifest.lock */,
				607FACCC1AFB9204008FA782 /* Sources */,
				607FACCD1AFB9204008FA782 /* Frameworks */,
				607FACCE1AFB9204008FA782 /* Resources */,
				50AFD7F718CD13C519F3C4D6 /* Embed Pods Frameworks */,
				7D784575B5619F1F34EC1CD7 /* Copy Pods Resources */,
			);
			buildRules = (
			);
			dependencies = (
			);
			name = Animate_Example;
			productName = Animate;
			productReference = 607FACD01AFB9204008FA782 /* Animate_Example.app */;
			productType = "com.apple.product-type.application";
		};
		607FACE41AFB9204008FA782 /* Animate_Tests */ = {
			isa = PBXNativeTarget;
			buildConfigurationList = 607FACF21AFB9204008FA782 /* Build configuration list for PBXNativeTarget "Animate_Tests" */;
			buildPhases = (
				6F00A937646633886ADF6962 /* Check Pods Manifest.lock */,
				607FACE11AFB9204008FA782 /* Sources */,
				607FACE21AFB9204008FA782 /* Frameworks */,
				607FACE31AFB9204008FA782 /* Resources */,
				367B4387D5F6F1FB236E4A3C /* Embed Pods Frameworks */,
				442DE4D1107D05B63DF2D559 /* Copy Pods Resources */,
			);
			buildRules = (
			);
			dependencies = (
				607FACE71AFB9204008FA782 /* PBXTargetDependency */,
			);
			name = Animate_Tests;
			productName = Tests;
			productReference = 607FACE51AFB9204008FA782 /* Animate_Tests.xctest */;
			productType = "com.apple.product-type.bundle.unit-test";
		};
/* End PBXNativeTarget section */

/* Begin PBXProject section */
		607FACC81AFB9204008FA782 /* Project object */ = {
			isa = PBXProject;
			attributes = {
				LastSwiftUpdateCheck = 0700;
				LastUpgradeCheck = 0630;
				ORGANIZATIONNAME = CocoaPods;
				TargetAttributes = {
					607FACCF1AFB9204008FA782 = {
						CreatedOnToolsVersion = 6.3.1;
					};
					607FACE41AFB9204008FA782 = {
						CreatedOnToolsVersion = 6.3.1;
						TestTargetID = 607FACCF1AFB9204008FA782;
					};
				};
			};
			buildConfigurationList = 607FACCB1AFB9204008FA782 /* Build configuration list for PBXProject "Animate" */;
			compatibilityVersion = "Xcode 3.2";
			developmentRegion = English;
			hasScannedForEncodings = 0;
			knownRegions = (
				en,
				Base,
			);
			mainGroup = 607FACC71AFB9204008FA782;
			productRefGroup = 607FACD11AFB9204008FA782 /* Products */;
			projectDirPath = "";
			projectRoot = "";
			targets = (
				607FACCF1AFB9204008FA782 /* Animate_Example */,
				607FACE41AFB9204008FA782 /* Animate_Tests */,
			);
		};
/* End PBXProject section */

/* Begin PBXResourcesBuildPhase section */
		607FACCE1AFB9204008FA782 /* Resources */ = {
			isa = PBXResourcesBuildPhase;
			buildActionMask = 2147483647;
			files = (
				607FACDB1AFB9204008FA782 /* Main.storyboard in Resources */,
				607FACE01AFB9204008FA782 /* LaunchScreen.xib in Resources */,
				607FACDD1AFB9204008FA782 /* Images.xcassets in Resources */,
			);
			runOnlyForDeploymentPostprocessing = 0;
		};
		607FACE31AFB9204008FA782 /* Resources */ = {
			isa = PBXResourcesBuildPhase;
			buildActionMask = 2147483647;
			files = (
			);
			runOnlyForDeploymentPostprocessing = 0;
		};
/* End PBXResourcesBuildPhase section */

/* Begin PBXShellScriptBuildPhase section */
		268DED4A6375B0A64FC5B06B /* Check Pods Manifest.lock */ = {
			isa = PBXShellScriptBuildPhase;
			buildActionMask = 2147483647;
			files = (
			);
			inputPaths = (
			);
			name = "Check Pods Manifest.lock";
			outputPaths = (
			);
			runOnlyForDeploymentPostprocessing = 0;
			shellPath = /bin/sh;
			shellScript = "diff \"${PODS_ROOT}/../Podfile.lock\" \"${PODS_ROOT}/Manifest.lock\" > /dev/null\nif [[ $? != 0 ]] ; then\n    cat << EOM\nerror: The sandbox is not in sync with the Podfile.lock. Run 'pod install' or update your CocoaPods installation.\nEOM\n    exit 1\nfi\n";
			showEnvVarsInLog = 0;
		};
		367B4387D5F6F1FB236E4A3C /* Embed Pods Frameworks */ = {
			isa = PBXShellScriptBuildPhase;
			buildActionMask = 2147483647;
			files = (
			);
			inputPaths = (
			);
			name = "Embed Pods Frameworks";
			outputPaths = (
			);
			runOnlyForDeploymentPostprocessing = 0;
			shellPath = /bin/sh;
			shellScript = "\"${SRCROOT}/Pods/Target Support Files/Pods-Animate_Tests/Pods-Animate_Tests-frameworks.sh\"\n";
			showEnvVarsInLog = 0;
		};
		442DE4D1107D05B63DF2D559 /* Copy Pods Resources */ = {
			isa = PBXShellScriptBuildPhase;
			buildActionMask = 2147483647;
			files = (
			);
			inputPaths = (
			);
			name = "Copy Pods Resources";
			outputPaths = (
			);
			runOnlyForDeploymentPostprocessing = 0;
			shellPath = /bin/sh;
			shellScript = "\"${SRCROOT}/Pods/Target Support Files/Pods-Animate_Tests/Pods-Animate_Tests-resources.sh\"\n";
			showEnvVarsInLog = 0;
		};
		50AFD7F718CD13C519F3C4D6 /* Embed Pods Frameworks */ = {
			isa = PBXShellScriptBuildPhase;
			buildActionMask = 2147483647;
			files = (
			);
			inputPaths = (
			);
			name = "Embed Pods Frameworks";
			outputPaths = (
			);
			runOnlyForDeploymentPostprocessing = 0;
			shellPath = /bin/sh;
			shellScript = "\"${SRCROOT}/Pods/Target Support Files/Pods-Animate_Example/Pods-Animate_Example-frameworks.sh\"\n";
			showEnvVarsInLog = 0;
		};
		6F00A937646633886ADF6962 /* Check Pods Manifest.lock */ = {
			isa = PBXShellScriptBuildPhase;
			buildActionMask = 2147483647;
			files = (
			);
			inputPaths = (
			);
			name = "Check Pods Manifest.lock";
			outputPaths = (
			);
			runOnlyForDeploymentPostprocessing = 0;
			shellPath = /bin/sh;
			shellScript = "diff \"${PODS_ROOT}/../Podfile.lock\" \"${PODS_ROOT}/Manifest.lock\" > /dev/null\nif [[ $? != 0 ]] ; then\n    cat << EOM\nerror: The sandbox is not in sync with the Podfile.lock. Run 'pod install' or update your CocoaPods installation.\nEOM\n    exit 1\nfi\n";
			showEnvVarsInLog = 0;
		};
		7D784575B5619F1F34EC1CD7 /* Copy Pods Resources */ = {
			isa = PBXShellScriptBuildPhase;
			buildActionMask = 2147483647;
			files = (
			);
			inputPaths = (
			);
			name = "Copy Pods Resources";
			outputPaths = (
			);
			runOnlyForDeploymentPostprocessing = 0;
			shellPath = /bin/sh;
			shellScript = "\"${SRCROOT}/Pods/Target Support Files/Pods-Animate_Example/Pods-Animate_Example-resources.sh\"\n";
			showEnvVarsInLog = 0;
		};
/* End PBXShellScriptBuildPhase section */

/* Begin PBXSourcesBuildPhase section */
		607FACCC1AFB9204008FA782 /* Sources */ = {
			isa = PBXSourcesBuildPhase;
			buildActionMask = 2147483647;
			files = (
				166B3E651B255F6000D811DA /* UIViewTestViewController.swift in Sources */,
				166B3E7D1B25680100D811DA /* UILabelTestViewController.swift in Sources */,
				607FACD81AFB9204008FA782 /* ViewController.swift in Sources */,
				166B3E671B25621800D811DA /* CALayerTestViewController.swift in Sources */,
				166B3E711B2567A300D811DA /* UICollectionViewTestViewController.swift in Sources */,
				166B3E7F1B25680100D811DA /* UIToolbarTestViewController.swift in Sources */,
				166B3E831B256B9F00D811DA /* UITabBarTestViewController.swift in Sources */,
				607FACD61AFB9204008FA782 /* AppDelegate.swift in Sources */,
				166B3E6D1B25678700D811DA /* UIScrollViewTestViewController.swift in Sources */,
				166B3E731B2567B300D811DA /* UINavigationBarTestViewController.swift in Sources */,
				166B3E6B1B25677200D811DA /* NSLayoutConstraintTestViewController.swift in Sources */,
				166B3E6F1B25679400D811DA /* UITableViewTestViewController.swift in Sources */,
				166B3E811B25684500D811DA /* TestTemplateViewController.swift in Sources */,
				166B3E691B25622D00D811DA /* CAShapeLayerTestViewController.swift in Sources */,
			);
			runOnlyForDeploymentPostprocessing = 0;
		};
		607FACE11AFB9204008FA782 /* Sources */ = {
			isa = PBXSourcesBuildPhase;
			buildActionMask = 2147483647;
			files = (
				607FACEC1AFB9204008FA782 /* Tests.swift in Sources */,
			);
			runOnlyForDeploymentPostprocessing = 0;
		};
/* End PBXSourcesBuildPhase section */

/* Begin PBXTargetDependency section */
		607FACE71AFB9204008FA782 /* PBXTargetDependency */ = {
			isa = PBXTargetDependency;
			target = 607FACCF1AFB9204008FA782 /* Animate_Example */;
			targetProxy = 607FACE61AFB9204008FA782 /* PBXContainerItemProxy */;
		};
/* End PBXTargetDependency section */

/* Begin PBXVariantGroup section */
		607FACD91AFB9204008FA782 /* Main.storyboard */ = {
			isa = PBXVariantGroup;
			children = (
				607FACDA1AFB9204008FA782 /* Base */,
			);
			name = Main.storyboard;
			sourceTree = "<group>";
		};
		607FACDE1AFB9204008FA782 /* LaunchScreen.xib */ = {
			isa = PBXVariantGroup;
			children = (
				607FACDF1AFB9204008FA782 /* Base */,
			);
			name = LaunchScreen.xib;
			sourceTree = "<group>";
		};
/* End PBXVariantGroup section */

/* Begin XCBuildConfiguration section */
		607FACED1AFB9204008FA782 /* Debug */ = {
			isa = XCBuildConfiguration;
			buildSettings = {
				ALWAYS_SEARCH_USER_PATHS = NO;
				CLANG_CXX_LANGUAGE_STANDARD = "gnu++0x";
				CLANG_CXX_LIBRARY = "libc++";
				CLANG_ENABLE_MODULES = YES;
				CLANG_ENABLE_OBJC_ARC = YES;
				CLANG_WARN_BOOL_CONVERSION = YES;
				CLANG_WARN_CONSTANT_CONVERSION = YES;
				CLANG_WARN_DIRECT_OBJC_ISA_USAGE = YES_ERROR;
				CLANG_WARN_EMPTY_BODY = YES;
				CLANG_WARN_ENUM_CONVERSION = YES;
				CLANG_WARN_INT_CONVERSION = YES;
				CLANG_WARN_OBJC_ROOT_CLASS = YES_ERROR;
				CLANG_WARN_UNREACHABLE_CODE = YES;
				CLANG_WARN__DUPLICATE_METHOD_MATCH = YES;
				"CODE_SIGN_IDENTITY[sdk=iphoneos*]" = "iPhone Developer";
				COPY_PHASE_STRIP = NO;
				DEBUG_INFORMATION_FORMAT = "dwarf-with-dsym";
				ENABLE_STRICT_OBJC_MSGSEND = YES;
				GCC_C_LANGUAGE_STANDARD = gnu99;
				GCC_DYNAMIC_NO_PIC = NO;
				GCC_NO_COMMON_BLOCKS = YES;
				GCC_OPTIMIZATION_LEVEL = 0;
				GCC_PREPROCESSOR_DEFINITIONS = (
					"DEBUG=1",
					"$(inherited)",
				);
				GCC_SYMBOLS_PRIVATE_EXTERN = NO;
				GCC_WARN_64_TO_32_BIT_CONVERSION = YES;
				GCC_WARN_ABOUT_RETURN_TYPE = YES_ERROR;
				GCC_WARN_UNDECLARED_SELECTOR = YES;
				GCC_WARN_UNINITIALIZED_AUTOS = YES_AGGRESSIVE;
				GCC_WARN_UNUSED_FUNCTION = YES;
				GCC_WARN_UNUSED_VARIABLE = YES;
				IPHONEOS_DEPLOYMENT_TARGET = 8.3;
				MTL_ENABLE_DEBUG_INFO = YES;
				ONLY_ACTIVE_ARCH = YES;
				SDKROOT = iphoneos;
				SWIFT_OPTIMIZATION_LEVEL = "-Onone";
			};
			name = Debug;
		};
		607FACEE1AFB9204008FA782 /* Release */ = {
			isa = XCBuildConfiguration;
			buildSettings = {
				ALWAYS_SEARCH_USER_PATHS = NO;
				CLANG_CXX_LANGUAGE_STANDARD = "gnu++0x";
				CLANG_CXX_LIBRARY = "libc++";
				CLANG_ENABLE_MODULES = YES;
				CLANG_ENABLE_OBJC_ARC = YES;
				CLANG_WARN_BOOL_CONVERSION = YES;
				CLANG_WARN_CONSTANT_CONVERSION = YES;
				CLANG_WARN_DIRECT_OBJC_ISA_USAGE = YES_ERROR;
				CLANG_WARN_EMPTY_BODY = YES;
				CLANG_WARN_ENUM_CONVERSION = YES;
				CLANG_WARN_INT_CONVERSION = YES;
				CLANG_WARN_OBJC_ROOT_CLASS = YES_ERROR;
				CLANG_WARN_UNREACHABLE_CODE = YES;
				CLANG_WARN__DUPLICATE_METHOD_MATCH = YES;
				"CODE_SIGN_IDENTITY[sdk=iphoneos*]" = "iPhone Developer";
				COPY_PHASE_STRIP = NO;
				DEBUG_INFORMATION_FORMAT = "dwarf-with-dsym";
				ENABLE_NS_ASSERTIONS = NO;
				ENABLE_STRICT_OBJC_MSGSEND = YES;
				GCC_C_LANGUAGE_STANDARD = gnu99;
				GCC_NO_COMMON_BLOCKS = YES;
				GCC_WARN_64_TO_32_BIT_CONVERSION = YES;
				GCC_WARN_ABOUT_RETURN_TYPE = YES_ERROR;
				GCC_WARN_UNDECLARED_SELECTOR = YES;
				GCC_WARN_UNINITIALIZED_AUTOS = YES_AGGRESSIVE;
				GCC_WARN_UNUSED_FUNCTION = YES;
				GCC_WARN_UNUSED_VARIABLE = YES;
				IPHONEOS_DEPLOYMENT_TARGET = 8.3;
				MTL_ENABLE_DEBUG_INFO = NO;
				SDKROOT = iphoneos;
				VALIDATE_PRODUCT = YES;
			};
			name = Release;
		};
		607FACF01AFB9204008FA782 /* Debug */ = {
			isa = XCBuildConfiguration;
			baseConfigurationReference = 7AD92E35AFE2420F2BF52442 /* Pods-Animate_Example.debug.xcconfig */;
			buildSettings = {
				ASSETCATALOG_COMPILER_APPICON_NAME = AppIcon;
				INFOPLIST_FILE = Animate/Info.plist;
				LD_RUNPATH_SEARCH_PATHS = "$(inherited) @executable_path/Frameworks";
				MODULE_NAME = ExampleApp;
				PRODUCT_NAME = "$(TARGET_NAME)";
			};
			name = Debug;
		};
		607FACF11AFB9204008FA782 /* Release */ = {
			isa = XCBuildConfiguration;
			baseConfigurationReference = BC767AAF42B21C75F92F5D10 /* Pods-Animate_Example.release.xcconfig */;
			buildSettings = {
				ASSETCATALOG_COMPILER_APPICON_NAME = AppIcon;
				INFOPLIST_FILE = Animate/Info.plist;
				LD_RUNPATH_SEARCH_PATHS = "$(inherited) @executable_path/Frameworks";
				MODULE_NAME = ExampleApp;
				PRODUCT_NAME = "$(TARGET_NAME)";
			};
			name = Release;
		};
		607FACF31AFB9204008FA782 /* Debug */ = {
			isa = XCBuildConfiguration;
			baseConfigurationReference = 19374E4F334922C9A547B604 /* Pods-Animate_Tests.debug.xcconfig */;
			buildSettings = {
				BUNDLE_LOADER = "$(TEST_HOST)";
				FRAMEWORK_SEARCH_PATHS = (
					"$(SDKROOT)/Developer/Library/Frameworks",
					"$(inherited)",
				);
				GCC_PREPROCESSOR_DEFINITIONS = (
					"DEBUG=1",
					"$(inherited)",
				);
				INFOPLIST_FILE = Tests/Info.plist;
				LD_RUNPATH_SEARCH_PATHS = "$(inherited) @executable_path/Frameworks @loader_path/Frameworks";
				PRODUCT_NAME = "$(TARGET_NAME)";
				TEST_HOST = "$(BUILT_PRODUCTS_DIR)/Animate_Example.app/Animate_Example";
			};
			name = Debug;
		};
		607FACF41AFB9204008FA782 /* Release */ = {
			isa = XCBuildConfiguration;
			baseConfigurationReference = 7229A17F5887DA2CD405FC9A /* Pods-Animate_Tests.release.xcconfig */;
			buildSettings = {
				BUNDLE_LOADER = "$(TEST_HOST)";
				FRAMEWORK_SEARCH_PATHS = (
					"$(SDKROOT)/Developer/Library/Frameworks",
					"$(inherited)",
				);
				INFOPLIST_FILE = Tests/Info.plist;
				LD_RUNPATH_SEARCH_PATHS = "$(inherited) @executable_path/Frameworks @loader_path/Frameworks";
				PRODUCT_NAME = "$(TARGET_NAME)";
				TEST_HOST = "$(BUILT_PRODUCTS_DIR)/Animate_Example.app/Animate_Example";
			};
			name = Release;
		};
/* End XCBuildConfiguration section */

/* Begin XCConfigurationList section */
		607FACCB1AFB9204008FA782 /* Build configuration list for PBXProject "Animate" */ = {
			isa = XCConfigurationList;
			buildConfigurations = (
				607FACED1AFB9204008FA782 /* Debug */,
				607FACEE1AFB9204008FA782 /* Release */,
			);
			defaultConfigurationIsVisible = 0;
			defaultConfigurationName = Release;
		};
		607FACEF1AFB9204008FA782 /* Build configuration list for PBXNativeTarget "Animate_Example" */ = {
			isa = XCConfigurationList;
			buildConfigurations = (
				607FACF01AFB9204008FA782 /* Debug */,
				607FACF11AFB9204008FA782 /* Release */,
			);
			defaultConfigurationIsVisible = 0;
			defaultConfigurationName = Release;
		};
		607FACF21AFB9204008FA782 /* Build configuration list for PBXNativeTarget "Animate_Tests" */ = {
			isa = XCConfigurationList;
			buildConfigurations = (
				607FACF31AFB9204008FA782 /* Debug */,
				607FACF41AFB9204008FA782 /* Release */,
			);
			defaultConfigurationIsVisible = 0;
			defaultConfigurationName = Release;
		};
/* End XCConfigurationList section */
	};
	rootObject = 607FACC81AFB9204008FA782 /* Project object */;
}
